
Microsoft Visual Studio Solution File, Format Version 12.00
# Visual Studio Version 17
VisualStudioVersion = 17.13.35931.197 d17.13
MinimumVisualStudioVersion = 10.0.40219.1
Project("{FAE04EC0-301F-11D3-BF4B-00C04F79EFBC}") = "EShop", "EShop\EShop.csproj", "{1529EA4C-2CDE-4044-A7B7-3BFD0A779D96}"
EndProject
Global
	GlobalSection(SolutionConfigurationPlatforms) = preSolution
		Debug|Any CPU = Debug|Any CPU
		Release|Any CPU = Release|Any CPU
	EndGlobalSection
	GlobalSection(ProjectConfigurationPlatforms) = postSolution
		{1529EA4C-2CDE-4044-A7B7-3BFD0A779D96}.Debug|Any CPU.ActiveCfg = Debug|Any CPU
		{1529EA4C-2CDE-4044-A7B7-3BFD0A779D96}.Debug|Any CPU.Build.0 = Debug|Any CPU
		{1529EA4C-2CDE-4044-A7B7-3BFD0A779D96}.Release|Any CPU.ActiveCfg = Release|Any CPU
		{1529EA4C-2CDE-4044-A7B7-3BFD0A779D96}.Release|Any CPU.Build.0 = Release|Any CPU
	EndGlobalSection
	GlobalSection(SolutionProperties) = preSolution
		HideSolutionNode = FALSE
	EndGlobalSection
	GlobalSection(ExtensibilityGlobals) = postSolution
		SolutionGuid = {B2CBD8BF-5F1C-432E-91F8-61826044E30D}
	EndGlobalSection
EndGlobal
